{
    "name": "neo.mjs-benchmarks",
    "version": "10.3.3",
    "lockfileVersion": 3,
    "requires": true,
    "packages": {
        "": {
            "name": "neo.mjs-benchmarks",
            "version": "10.3.3",
            "license": "MIT",
            "dependencies": {
                "neo.mjs": "^10.3.3"
            },
            "funding": {
                "type": "GitHub Sponsors",
                "url": "https://github.com/sponsors/tobiu"
            }
        },
        "node_modules/neo.mjs": {
            "version": "10.3.3",
            "resolved": "https://registry.npmjs.org/neo.mjs/-/neo.mjs-10.3.3.tgz",
            "integrity": "sha512-0DKUlUUViN5d9CU8qV+YJb1mbrVj2JSiUcRCgjyPOWIvGWOmYlrufjYwS6VsPigY7b3jKp9Tdy/KCgvYdkq8mg==",
            "license": "MIT",
            "bin": {
                "neo-cc": "buildScripts/createClass.mjs"
            },
            "funding": {
                "type": "GitHub Sponsors",
                "url": "https://github.com/sponsors/tobiu"
            }
        }
    }
}
